Microsoft Visual Studio Solution File, Format Version 12.00
# Visual Studio 15
VisualStudioVersion = 15.0.28010.2046
MinimumVisualStudioVersion = 10.0.40219.1
Project("{8BC9CEB8-8B4A-11D0-8D11-00A0C91BC942}") = "Shifter", "Shifter.vcxproj", "{D90E076B-3A76-4F67-A492-D3A18AF538F1}"
EndProject
Global
	GlobalSection(SolutionConfigurationPlatforms) = preSolution
		Debug|x64 = Debug|x64
		Debug|x86 = Debug|x86
		Release|x64 = Release|x64
		Release|x86 = Release|x86
	EndGlobalSection
	GlobalSection(ProjectConfigurationPlatforms) = postSolution
		{D90E076B-3A76-4F67-A492-D3A18AF538F1}.Debug|x64.ActiveCfg = Debug|x64
		{D90E076B-3A76-4F67-A492-D3A18AF538F1}.Debug|x64.Build.0 = Debug|x64
		{D90E076B-3A76-4F67-A492-D3A18AF538F1}.Debug|x86.ActiveCfg = Release|x64
		{D90E076B-3A76-4F67-A492-D3A18AF538F1}.Debug|x86.Build.0 = Release|x64
		{D90E076B-3A76-4F67-A492-D3A18AF538F1}.Release|x64.ActiveCfg = Debug|x64
		{D90E076B-3A76-4F67-A492-D3A18AF538F1}.Release|x64.Build.0 = Debug|x64
		{D90E076B-3A76-4F67-A492-D3A18AF538F1}.Release|x86.ActiveCfg = Debug|x64
		{D90E076B-3A76-4F67-A492-D3A18AF538F1}.Release|x86.Build.0 = Debug|x64
	EndGlobalSection
	GlobalSection(SolutionProperties) = preSolution
		HideSolutionNode = FALSE
	EndGlobalSection
	GlobalSection(ExtensibilityGlobals) = postSolution
		SolutionGuid = {EF613A8F-D725-449C-9CAD-642E34DD66CB}
	EndGlobalSection
EndGlobal
